schema: '2.0'
stages:
  generate_images_stage2:
    cmd: python process_labels_label_studio.py -c config/dataset_generation_ls.yaml
    deps:
    - path: config/dataset_generation_ls.yaml
      hash: md5
      md5: d40fa77ea3910b11e93e258d823424a6
      size: 463
    - path: meter_values_dataset_stage1/stage1
      hash: md5
      md5: dff09bbf7da4663570e65d710fd61854.dir
      size: 8567181804
      nfiles: 41401
    - path: process_labels_label_studio.py
      hash: md5
      md5: 6f13ee45040028a71f7323a322b738e6
      size: 8101
    - path: utils.py
      hash: md5
      md5: 43e35ae6c580382880fb428e1eae6826
      size: 6859
    outs:
    - path: meter_values_dataset_stage2/stage2
      hash: md5
      md5: cb2044dcbf4d1c64add4093816e7ea40.dir
      size: 341377481
      nfiles: 14198
