schema: '2.0'
stages:
  generate_images_stage2:
    cmd: python process_labels_label_studio.py -c config/dataset_generation_ls.yaml
    deps:
    - path: config/dataset_generation_ls.yaml
      hash: md5
      md5: 8351c92890584c335b3b694a6501aef2
      size: 463
    - path: meter_values_dataset_stage1/stage1
      hash: md5
      md5: dff09bbf7da4663570e65d710fd61854.dir
      size: 8567181804
      nfiles: 41401
    - path: process_labels_label_studio.py
      hash: md5
      md5: 41423d69f861aa454e1bde692945ee4a
      size: 6510
    - path: utils.py
      hash: md5
      md5: 67693a288dbd80d9830e2e9aa1f8f295
      size: 6841
    outs:
    - path: meter_values_dataset_stage2/stage2
      hash: md5
      md5: ee515af210c50e20df527e33a4d4fda8.dir
      size: 744824853
      nfiles: 21894
