schema: '2.0'
stages:
  generate_train_stage2:
    cmd: ulimit -n 50000 && tfds build --manual_dir=./stage2 --data_dir ./
    deps:
    - path: ../process_labels_label_studio.py
      hash: md5
      md5: 6f13ee45040028a71f7323a322b738e6
      size: 8101
    - path: ../utils.py
      hash: md5
      md5: 43e35ae6c580382880fb428e1eae6826
      size: 6859
    - path: meter_values_dataset_stage2_dataset_builder.py
      hash: md5
      md5: 17a349e80890a9365eac93612fcf4411
      size: 5019
    - path: stage2
      hash: md5
      md5: b59521732b74a5dcae6a93240eb91f68.dir
      size: 367391208
      nfiles: 14199
    outs:
    - path: meter_values_dataset_stage2/Default/1.0.0
      hash: md5
      md5: 8a14483e395e65212e5072fa35ff75a3.dir
      size: 1046765867
      nfiles: 12
