schema: '2.0'
stages:
  generate_train_stage2:
    cmd: ulimit -n 50000 && tfds build --manual_dir=./stage2 --data_dir ./
    deps:
    - path: ../process_labels_label_studio.py
      hash: md5
      md5: bbe1b9a29a1cd3d932850daad9bf9bf7
      size: 7928
    - path: ../utils.py
      hash: md5
      md5: 43e35ae6c580382880fb428e1eae6826
      size: 6859
    - path: meter_values_dataset_stage2_dataset_builder.py
      hash: md5
      md5: 12fb0af368648f65e43b91f9faa4e87f
      size: 5019
    - path: stage2
      hash: md5
      md5: 1acf542e424ff5e99de5c24afda9fe72.dir
      size: 359280024
      nfiles: 14199
    outs:
    - path: meter_values_dataset_stage2/Default/1.0.0
      hash: md5
      md5: b649b4176bb60bfee1c2e7860ce8ac81.dir
      size: 268279409
      nfiles: 6
