schema: '2.0'
stages:
  generate_train:
    cmd: ulimit -n 50000 && tfds build --manual_dir=./stage1 --data_dir ./
    deps:
    - path: ../process_labels_label_studio.py
      hash: md5
      md5: 2ed9a29cac7f5414b8f73dfe82cf114a
      size: 6291
    - path: ../utils.py
      hash: md5
      md5: ed03413daafa97fa1008979ac8ea9a43
      size: 5317
    - path: meter_values_dataset_stage1_dataset_builder.py
      hash: md5
      md5: 1d748205e5a82faecfeb3dad5da79401
      size: 4825
    - path: stage1
      hash: md5
      md5: dff09bbf7da4663570e65d710fd61854.dir
      size: 8567181804
      nfiles: 41401
    outs:
    - path: meter_values_dataset_stage1/Default/1.0.0/
      hash: md5
      md5: ce71d3dde483b9daf44ef52bb0171a4f.dir
      size: 15827472114
      nfiles: 154
