schema: '2.0'
stages:
  generate_train:
    cmd: ulimit -n 50000 && tfds build --manual_dir=./stage1 --data_dir ./
    deps:
    - path: ../process_labels_label_studio.py
      hash: md5
      md5: d78b2cb4ea3a4ca58a7f0fb9ceaf7444
      size: 6289
    - path: ../utils.py
      hash: md5
      md5: ed03413daafa97fa1008979ac8ea9a43
      size: 5317
    - path: meter_values_dataset_stage1_dataset_builder.py
      hash: md5
      md5: 1d748205e5a82faecfeb3dad5da79401
      size: 4825
    - path: stage1
      hash: md5
      md5: ae829507bf64f26ef333d8585959d661.dir
      size: 8555516181
      nfiles: 41401
    outs:
    - path: meter_values_dataset_stage1/Default/1.0.0/
      hash: md5
      md5: f59b8f689bf36c3059e67d1922fda3e4.dir
      size: 8698506698
      nfiles: 76
